
Microsoft Visual Studio Solution File, Format Version 12.00
# Visual Studio Version 17
VisualStudioVersion = 17.13.35919.96 d17.13
MinimumVisualStudioVersion = 10.0.40219.1
Project("{FAE04EC0-301F-11D3-BF4B-00C04F79EFBC}") = "WebApp", "WebApp\WebApp.csproj", "{DA8E03B5-FF77-40AB-931B-C7F799620EC4}"
EndProject
Project("{FAE04EC0-301F-11D3-BF4B-00C04F79EFBC}") = "Data", "Data\Data.csproj", "{1A4A1CBF-3B60-47BC-95D4-14D536DA4D4D}"
EndProject
Project("{FAE04EC0-301F-11D3-BF4B-00C04F79EFBC}") = "Business", "Business\Business.csproj", "{92621A3C-11E5-4B7E-9FD6-526FC0CE69C1}"
EndProject
Global
	GlobalSection(SolutionConfigurationPlatforms) = preSolution
		Debug|Any CPU = Debug|Any CPU
		Release|Any CPU = Release|Any CPU
	EndGlobalSection
	GlobalSection(ProjectConfigurationPlatforms) = postSolution
		{DA8E03B5-FF77-40AB-931B-C7F799620EC4}.Debug|Any CPU.ActiveCfg = Debug|Any CPU
		{DA8E03B5-FF77-40AB-931B-C7F799620EC4}.Debug|Any CPU.Build.0 = Debug|Any CPU
		{DA8E03B5-FF77-40AB-931B-C7F799620EC4}.Release|Any CPU.ActiveCfg = Release|Any CPU
		{DA8E03B5-FF77-40AB-931B-C7F799620EC4}.Release|Any CPU.Build.0 = Release|Any CPU
		{1A4A1CBF-3B60-47BC-95D4-14D536DA4D4D}.Debug|Any CPU.ActiveCfg = Debug|Any CPU
		{1A4A1CBF-3B60-47BC-95D4-14D536DA4D4D}.Debug|Any CPU.Build.0 = Debug|Any CPU
		{1A4A1CBF-3B60-47BC-95D4-14D536DA4D4D}.Release|Any CPU.ActiveCfg = Release|Any CPU
		{1A4A1CBF-3B60-47BC-95D4-14D536DA4D4D}.Release|Any CPU.Build.0 = Release|Any CPU
		{92621A3C-11E5-4B7E-9FD6-526FC0CE69C1}.Debug|Any CPU.ActiveCfg = Debug|Any CPU
		{92621A3C-11E5-4B7E-9FD6-526FC0CE69C1}.Debug|Any CPU.Build.0 = Debug|Any CPU
		{92621A3C-11E5-4B7E-9FD6-526FC0CE69C1}.Release|Any CPU.ActiveCfg = Release|Any CPU
		{92621A3C-11E5-4B7E-9FD6-526FC0CE69C1}.Release|Any CPU.Build.0 = Release|Any CPU
	EndGlobalSection
	GlobalSection(SolutionProperties) = preSolution
		HideSolutionNode = FALSE
	EndGlobalSection
	GlobalSection(ExtensibilityGlobals) = postSolution
		SolutionGuid = {F262262B-0960-482D-8AA1-76DC24FC5070}
	EndGlobalSection
EndGlobal
